
Microsoft Visual Studio Solution File, Format Version 12.00
# Visual Studio Version 17
VisualStudioVersion = 17.10.35013.160
MinimumVisualStudioVersion = 10.0.40219.1
Project("{9A19103F-16F7-4668-BE54-9A1E7A4F7556}") = "AutoMigrate.Console", "AutoMigrateConsole\AutoMigrate.Console.csproj", "{9C1056B2-EB97-44B3-840F-63C204ED0826}"
EndProject
Project("{9A19103F-16F7-4668-BE54-9A1E7A4F7556}") = "AutoMigrate.Plugins", "AutoMigrate.Plugins\AutoMigrate.Plugins.csproj", "{B58B2E35-DF5C-44C6-BFB9-C599B271423A}"
EndProject
Global
	GlobalSection(SolutionConfigurationPlatforms) = preSolution
		Debug|Any CPU = Debug|Any CPU
		Release|Any CPU = Release|Any CPU
	EndGlobalSection
	GlobalSection(ProjectConfigurationPlatforms) = postSolution
		{9C1056B2-EB97-44B3-840F-63C204ED0826}.Debug|Any CPU.ActiveCfg = Debug|Any CPU
		{9C1056B2-EB97-44B3-840F-63C204ED0826}.Debug|Any CPU.Build.0 = Debug|Any CPU
		{9C1056B2-EB97-44B3-840F-63C204ED0826}.Release|Any CPU.ActiveCfg = Release|Any CPU
		{9C1056B2-EB97-44B3-840F-63C204ED0826}.Release|Any CPU.Build.0 = Release|Any CPU
		{B58B2E35-DF5C-44C6-BFB9-C599B271423A}.Debug|Any CPU.ActiveCfg = Debug|Any CPU
		{B58B2E35-DF5C-44C6-BFB9-C599B271423A}.Debug|Any CPU.Build.0 = Debug|Any CPU
		{B58B2E35-DF5C-44C6-BFB9-C599B271423A}.Release|Any CPU.ActiveCfg = Release|Any CPU
		{B58B2E35-DF5C-44C6-BFB9-C599B271423A}.Release|Any CPU.Build.0 = Release|Any CPU
	EndGlobalSection
	GlobalSection(SolutionProperties) = preSolution
		HideSolutionNode = FALSE
	EndGlobalSection
	GlobalSection(ExtensibilityGlobals) = postSolution
		SolutionGuid = {21120352-BD72-4FA0-BE10-5D18E729D33D}
	EndGlobalSection
EndGlobal
